<?xml version="1.0" encoding="utf-8"?>
<Project ToolsVersion="4.0" xmlns="http://schemas.microsoft.com/developer/msbuild/2003">
  <ItemGroup>
    <Filter Include="Source Files">
      <UniqueIdentifier>{4FC737F1-C7A5-4376-A066-2A32D752A2FF}</UniqueIdentifier>
      <Extensions>cpp;c;cc;cxx;def;odl;idl;hpj;bat;asm;asmx</Extensions>
    </Filter>
    <Filter Include="Header Files">
      <UniqueIdentifier>{93995380-89BD-4b04-88EB-625FBE52EBFB}</UniqueIdentifier>
      <Extensions>h;hpp;hxx;hm;inl;inc;xsd</Extensions>
    </Filter>
    <Filter Include="Resource Files">
      <UniqueIdentifier>{67DA6AB6-F800-4c08-8B7A-83BB121AAD01}</UniqueIdentifier>
      <Extensions>rc;ico;cur;bmp;dlg;rc2;rct;bin;rgs;gif;jpg;jpeg;jpe;resx;tiff;tif;png;wav;mfcribbon-ms</Extensions>
    </Filter>
    <Filter Include="DirectInput">
      <UniqueIdentifier>{6ced54b0-d7c4-4153-af89-a3054e7652a6}</UniqueIdentifier>
    </Filter>
    <Filter Include="DirectInput\header">
      <UniqueIdentifier>{f123615c-c43b-4e6d-8295-ca0f150aab62}</UniqueIdentifier>
    </Filter>
    <Filter Include="DirectInput\source">
      <UniqueIdentifier>{062c964b-f2fa-4ab0-91e3-5e075213ab5e}</UniqueIdentifier>
    </Filter>
    <Filter Include="OpenGL">
      <UniqueIdentifier>{5776db58-d194-4580-9a38-c4ea11a2c627}</UniqueIdentifier>
    </Filter>
    <Filter Include="window">
      <UniqueIdentifier>{72146eed-e9da-4b38-b950-3ee04e22a68b}</UniqueIdentifier>
    </Filter>
    <Filter Include="Time">
      <UniqueIdentifier>{98978eb8-9cd4-471a-aab8-5d36aa6ee9d0}</UniqueIdentifier>
    </Filter>
    <Filter Include="Color">
      <UniqueIdentifier>{3c0192e7-898f-461d-8be0-16d386b01e1b}</UniqueIdentifier>
    </Filter>
    <Filter Include="Math">
      <UniqueIdentifier>{63f1260d-6bae-4dae-b9eb-f7f42a691706}</UniqueIdentifier>
    </Filter>
  </ItemGroup>
  <ItemGroup>
    <ClInclude Include="..\..\..\src\Digitizing\Stroke.h">
      <Filter>Header Files</Filter>
    </ClInclude>
    <ClInclude Include="..\..\..\src\Digitizing\StrokePoint.h">
      <Filter>Header Files</Filter>
    </ClInclude>
    <ClInclude Include="..\..\..\src\exceptions\Exceptions.h">
      <Filter>Header Files</Filter>
    </ClInclude>
    <ClInclude Include="..\..\..\src\Graphics\DisplayList.h">
      <Filter>Header Files</Filter>
    </ClInclude>
    <ClInclude Include="..\..\..\src\Graphics\glVertex2.h">
      <Filter>Header Files</Filter>
    </ClInclude>
    <ClInclude Include="..\..\..\src\Graphics\QuadricSurfaceDescriptor.h">
      <Filter>Header Files</Filter>
    </ClInclude>
    <ClInclude Include="..\..\..\src\Graphics\RotationIndicator.h">
      <Filter>Header Files</Filter>
    </ClInclude>
    <ClInclude Include="..\..\..\src\Graphics\SquareGrid.h">
      <Filter>Header Files</Filter>
    </ClInclude>
    <ClInclude Include="..\..\..\src\Graphics\TablePainter.h">
      <Filter>Header Files</Filter>
    </ClInclude>
    <ClInclude Include="..\..\..\src\obsolete\DivideByZeroException.h">
      <Filter>Header Files</Filter>
    </ClInclude>
    <ClInclude Include="..\..\..\src\obsolete\WindowsExceptions.h">
      <Filter>Header Files</Filter>
    </ClInclude>
    <ClInclude Include="..\..\..\src\OpenGL\shader loader.h">
      <Filter>Header Files</Filter>
    </ClInclude>
    <ClInclude Include="..\..\..\src\Space-Time\Line2D\global functions.h">
      <Filter>Header Files</Filter>
    </ClInclude>
    <ClInclude Include="..\..\..\src\Space-Time\Line2D\setters and getters.h">
      <Filter>Header Files</Filter>
    </ClInclude>
    <ClInclude Include="..\..\..\src\Space-Time\Line2D.h">
      <Filter>Header Files</Filter>
    </ClInclude>
    <ClInclude Include="..\..\..\src\Space-Time\LineSegment2D.h">
      <Filter>Header Files</Filter>
    </ClInclude>
    <ClInclude Include="..\..\..\src\Space-Time\Vector2D\operators.h">
      <Filter>Header Files</Filter>
    </ClInclude>
    <ClInclude Include="..\..\..\src\Space-Time\Vector2D.h">
      <Filter>Header Files</Filter>
    </ClInclude>
    <ClInclude Include="..\..\..\src\Space-Time\Vector3D\operators.h">
      <Filter>Header Files</Filter>
    </ClInclude>
    <ClInclude Include="..\..\..\src\Space-Time\Vector3D.h">
      <Filter>Header Files</Filter>
    </ClInclude>
    <ClInclude Include="..\..\..\src\windows\common.h">
      <Filter>Header Files</Filter>
    </ClInclude>
    <ClInclude Include="..\..\..\src\algorithms.h">
      <Filter>Header Files</Filter>
    </ClInclude>
    <ClInclude Include="..\..\..\src\char reader.h">
      <Filter>Header Files</Filter>
    </ClInclude>
    <ClInclude Include="..\..\..\src\FPS.h">
      <Filter>Header Files</Filter>
    </ClInclude>
    <ClInclude Include="..\..\..\src\triple.h">
      <Filter>Header Files</Filter>
    </ClInclude>
    <ClInclude Include="..\..\..\src\utility.h">
      <Filter>Header Files</Filter>
    </ClInclude>
    <ClInclude Include="..\..\..\src\direct input\Device Wrapper.h">
      <Filter>DirectInput\header</Filter>
    </ClInclude>
    <ClInclude Include="..\..\..\src\direct input\Operational Device.h">
      <Filter>DirectInput\header</Filter>
    </ClInclude>
    <ClInclude Include="..\..\..\src\direct input\digitizer properties.h">
      <Filter>DirectInput\header</Filter>
    </ClInclude>
    <ClInclude Include="..\..\..\src\direct input\digitizer state.h">
      <Filter>DirectInput\header</Filter>
    </ClInclude>
    <ClInclude Include="..\..\..\src\direct input\digitizer wrapper.h">
      <Filter>DirectInput\header</Filter>
    </ClInclude>
    <ClInclude Include="..\..\..\src\direct input\DirectInput Wrapper.h">
      <Filter>DirectInput\header</Filter>
    </ClInclude>
    <ClInclude Include="..\..\..\src\direct input\mouse and keyboard\EventDispatcher.h">
      <Filter>DirectInput\header</Filter>
    </ClInclude>
    <ClInclude Include="..\..\..\src\direct input\Keyboard Wrapper.h">
      <Filter>DirectInput\header</Filter>
    </ClInclude>
    <ClInclude Include="..\..\..\src\direct input\Mouse Wrapper.h">
      <Filter>DirectInput\header</Filter>
    </ClInclude>
    <ClInclude Include="..\..\..\src\direct input\common.h">
      <Filter>DirectInput\header</Filter>
    </ClInclude>
    <ClInclude Include="..\..\..\src\Graphics\OpenGL engine.h">
      <Filter>OpenGL</Filter>
    </ClInclude>
    <ClInclude Include="..\..\..\src\Graphics\glut window.h">
      <Filter>window</Filter>
    </ClInclude>
    <ClInclude Include="..\..\..\src\Space-Time\TimePoint.h">
      <Filter>Time</Filter>
    </ClInclude>
    <ClInclude Include="..\..\..\src\CPU clock.h">
      <Filter>Time</Filter>
    </ClInclude>
    <ClInclude Include="..\..\..\src\StopWatch.h">
      <Filter>Time</Filter>
    </ClInclude>
    <ClInclude Include="..\..\..\src\CPU clock\Unit.h">
      <Filter>Time</Filter>
    </ClInclude>
    <ClInclude Include="..\..\..\src\Space-Time\TimePoint\Unit.h">
      <Filter>Time</Filter>
    </ClInclude>
    <ClInclude Include="..\..\..\src\Color\complement.h">
      <Filter>Color</Filter>
    </ClInclude>
    <ClInclude Include="..\..\..\src\Color.h">
      <Filter>Color</Filter>
    </ClInclude>
    <ClInclude Include="..\..\..\src\Color\glColor.h">
      <Filter>Color</Filter>
    </ClInclude>
    <ClInclude Include="..\..\..\src\Color\namings\single precision colors.h">
      <Filter>Color</Filter>
    </ClInclude>
    <ClInclude Include="..\..\..\src\Color\wavelength to RGB.h">
      <Filter>Color</Filter>
    </ClInclude>
    <ClInclude Include="..\..\..\src\Color\operators.h">
      <Filter>Color</Filter>
    </ClInclude>
    <ClInclude Include="..\..\..\src\Color\max.h">
      <Filter>Color</Filter>
    </ClInclude>
    <ClInclude Include="..\..\..\src\Color\min.h">
      <Filter>Color</Filter>
    </ClInclude>
    <ClInclude Include="..\..\..\src\Color\inRange.h">
      <Filter>Color</Filter>
    </ClInclude>
    <ClInclude Include="..\..\..\src\Color\namings\double precision colors.h">
      <Filter>Color</Filter>
    </ClInclude>
    <ClInclude Include="..\..\..\src\OpenGL\utility.h">
      <Filter>OpenGL</Filter>
    </ClInclude>
    <ClInclude Include="..\..\..\src\Math\mathematical functions.h">
      <Filter>Math</Filter>
    </ClInclude>
  </ItemGroup>
  <ItemGroup>
    <ClCompile Include="..\..\..\src\OpenGL\shader loader.cpp">
      <Filter>Header Files</Filter>
    </ClCompile>
    <ClCompile Include="..\..\..\src\exceptions\Exceptions.cpp">
      <Filter>Source Files</Filter>
    </ClCompile>
    <ClCompile Include="..\..\..\src\Graphics\QuadricSurfaceDescriptor.cpp">
      <Filter>Source Files</Filter>
    </ClCompile>
    <ClCompile Include="..\..\..\src\windows\windows common.cpp">
      <Filter>Source Files</Filter>
    </ClCompile>
    <ClCompile Include="..\..\..\src\direct input\Device Wrapper.cpp">
      <Filter>DirectInput\source</Filter>
    </ClCompile>
    <ClCompile Include="..\..\..\src\direct input\direct input common.cpp">
      <Filter>DirectInput\source</Filter>
    </ClCompile>
    <ClCompile Include="..\..\..\src\direct input\mouse and keyboard\EventDispatcher.cpp">
      <Filter>DirectInput\source</Filter>
    </ClCompile>
    <ClCompile Include="..\..\..\src\Graphics\glut window.cpp">
      <Filter>window</Filter>
    </ClCompile>
    <ClCompile Include="..\..\..\src\StopWatch.cpp">
      <Filter>Time</Filter>
    </ClCompile>
    <ClCompile Include="..\..\..\src\CPU clock.cpp">
      <Filter>Time</Filter>
    </ClCompile>
    <ClCompile Include="..\..\..\src\Color\wavelength to RGB.cpp">
      <Filter>Color</Filter>
    </ClCompile>
    <ClCompile Include="..\..\..\src\Color\namings\single precision colors.cpp">
      <Filter>Color</Filter>
    </ClCompile>
    <ClCompile Include="..\..\..\src\Color\namings\double precision colors.cpp">
      <Filter>Color</Filter>
    </ClCompile>
    <ClCompile Include="..\..\..\src\OpenGL\utility.cpp">
      <Filter>OpenGL</Filter>
    </ClCompile>
    <ClCompile Include="..\..\..\src\Math\mathematical functions.cpp">
      <Filter>Math</Filter>
    </ClCompile>
  </ItemGroup>
</Project>